# This file is automatically @generated by Cargo.
# It is not intended for manual editing.
version = 4

[[package]]
name = "modrad-macros"
version = "0.1.0"

[[package]]
name = "modrad-radius"
version = "0.1.0"
dependencies = [
 "modrad-macros",
]

[[package]]
name = "modrad-server"
version = "0.1.0"
